
Microsoft Visual Studio Solution File, Format Version 12.00
# Visual Studio Express 2013 for Web
VisualStudioVersion = 12.0.30110.0
MinimumVisualStudioVersion = 10.0.40219.1
Project("{FAE04EC0-301F-11D3-BF4B-00C04F79EFBC}") = "BITC.CMS.UI", "BITC.CMS.UI\BITC.CMS.UI.csproj", "{730A4B7E-A3C9-4D37-850A-1F54CC9A2EBD}"
EndProject
Project("{2150E333-8FDC-42A3-9474-1A3956D46DE8}") = "Apps", "Apps", "{5942558D-1318-4839-ABAB-BCA56932D761}"
EndProject
Project("{2150E333-8FDC-42A3-9474-1A3956D46DE8}") = "Libs", "Libs", "{765E661E-8972-4692-99C5-5318632F6076}"
EndProject
Project("{FAE04EC0-301F-11D3-BF4B-00C04F79EFBC}") = "BITC.Web.Library", "Libs\BITC.Web.Library\BITC.Web.Library.csproj", "{D0965D66-AFD5-417D-A3EE-56DC66D094EE}"
EndProject
Project("{FAE04EC0-301F-11D3-BF4B-00C04F79EFBC}") = "BITC.Library", "Libs\BITC.Library\BITC.Library.csproj", "{D31C8417-6CCF-48B2-8538-A97A04A5B15C}"
EndProject
Project("{FAE04EC0-301F-11D3-BF4B-00C04F79EFBC}") = "Kendo.Mvc", "Libs\Kendo.Mvc\Kendo.Mvc.csproj", "{5CBB79BF-127D-4971-9CDA-113D57EE6CAB}"
EndProject
Project("{FAE04EC0-301F-11D3-BF4B-00C04F79EFBC}") = "BITC.CMS.Data", "Libs\BITC.CMS.Data\BITC.CMS.Data.csproj", "{A9E33DC5-07D1-4CAD-A931-7A3B99AA0C0D}"
EndProject
Project("{FAE04EC0-301F-11D3-BF4B-00C04F79EFBC}") = "BITC.CMS.Repository", "Libs\BITC.CMS.Repository\BITC.CMS.Repository.csproj", "{1BE62A60-720D-464E-97D6-9874263DF572}"
EndProject
Global
	GlobalSection(SolutionConfigurationPlatforms) = preSolution
		Debug|Any CPU = Debug|Any CPU
		Debug-MVC3|Any CPU = Debug-MVC3|Any CPU
		Debug-MVC5|Any CPU = Debug-MVC5|Any CPU
		Release|Any CPU = Release|Any CPU
		Release-MVC3|Any CPU = Release-MVC3|Any CPU
		Release-MVC5|Any CPU = Release-MVC5|Any CPU
	EndGlobalSection
	GlobalSection(ProjectConfigurationPlatforms) = postSolution
		{730A4B7E-A3C9-4D37-850A-1F54CC9A2EBD}.Debug|Any CPU.ActiveCfg = Debug|Any CPU
		{730A4B7E-A3C9-4D37-850A-1F54CC9A2EBD}.Debug|Any CPU.Build.0 = Debug|Any CPU
		{730A4B7E-A3C9-4D37-850A-1F54CC9A2EBD}.Debug-MVC3|Any CPU.ActiveCfg = Debug|Any CPU
		{730A4B7E-A3C9-4D37-850A-1F54CC9A2EBD}.Debug-MVC3|Any CPU.Build.0 = Debug|Any CPU
		{730A4B7E-A3C9-4D37-850A-1F54CC9A2EBD}.Debug-MVC5|Any CPU.ActiveCfg = Debug|Any CPU
		{730A4B7E-A3C9-4D37-850A-1F54CC9A2EBD}.Debug-MVC5|Any CPU.Build.0 = Debug|Any CPU
		{730A4B7E-A3C9-4D37-850A-1F54CC9A2EBD}.Release|Any CPU.ActiveCfg = Release|Any CPU
		{730A4B7E-A3C9-4D37-850A-1F54CC9A2EBD}.Release|Any CPU.Build.0 = Release|Any CPU
		{730A4B7E-A3C9-4D37-850A-1F54CC9A2EBD}.Release-MVC3|Any CPU.ActiveCfg = Release|Any CPU
		{730A4B7E-A3C9-4D37-850A-1F54CC9A2EBD}.Release-MVC3|Any CPU.Build.0 = Release|Any CPU
		{730A4B7E-A3C9-4D37-850A-1F54CC9A2EBD}.Release-MVC5|Any CPU.ActiveCfg = Release|Any CPU
		{730A4B7E-A3C9-4D37-850A-1F54CC9A2EBD}.Release-MVC5|Any CPU.Build.0 = Release|Any CPU
		{D0965D66-AFD5-417D-A3EE-56DC66D094EE}.Debug|Any CPU.ActiveCfg = Debug|Any CPU
		{D0965D66-AFD5-417D-A3EE-56DC66D094EE}.Debug|Any CPU.Build.0 = Debug|Any CPU
		{D0965D66-AFD5-417D-A3EE-56DC66D094EE}.Debug-MVC3|Any CPU.ActiveCfg = Debug|Any CPU
		{D0965D66-AFD5-417D-A3EE-56DC66D094EE}.Debug-MVC3|Any CPU.Build.0 = Debug|Any CPU
		{D0965D66-AFD5-417D-A3EE-56DC66D094EE}.Debug-MVC5|Any CPU.ActiveCfg = Debug|Any CPU
		{D0965D66-AFD5-417D-A3EE-56DC66D094EE}.Debug-MVC5|Any CPU.Build.0 = Debug|Any CPU
		{D0965D66-AFD5-417D-A3EE-56DC66D094EE}.Release|Any CPU.ActiveCfg = Release|Any CPU
		{D0965D66-AFD5-417D-A3EE-56DC66D094EE}.Release|Any CPU.Build.0 = Release|Any CPU
		{D0965D66-AFD5-417D-A3EE-56DC66D094EE}.Release-MVC3|Any CPU.ActiveCfg = Release|Any CPU
		{D0965D66-AFD5-417D-A3EE-56DC66D094EE}.Release-MVC3|Any CPU.Build.0 = Release|Any CPU
		{D0965D66-AFD5-417D-A3EE-56DC66D094EE}.Release-MVC5|Any CPU.ActiveCfg = Release|Any CPU
		{D0965D66-AFD5-417D-A3EE-56DC66D094EE}.Release-MVC5|Any CPU.Build.0 = Release|Any CPU
		{D31C8417-6CCF-48B2-8538-A97A04A5B15C}.Debug|Any CPU.ActiveCfg = Debug|Any CPU
		{D31C8417-6CCF-48B2-8538-A97A04A5B15C}.Debug|Any CPU.Build.0 = Debug|Any CPU
		{D31C8417-6CCF-48B2-8538-A97A04A5B15C}.Debug-MVC3|Any CPU.ActiveCfg = Debug|Any CPU
		{D31C8417-6CCF-48B2-8538-A97A04A5B15C}.Debug-MVC3|Any CPU.Build.0 = Debug|Any CPU
		{D31C8417-6CCF-48B2-8538-A97A04A5B15C}.Debug-MVC5|Any CPU.ActiveCfg = Debug|Any CPU
		{D31C8417-6CCF-48B2-8538-A97A04A5B15C}.Debug-MVC5|Any CPU.Build.0 = Debug|Any CPU
		{D31C8417-6CCF-48B2-8538-A97A04A5B15C}.Release|Any CPU.ActiveCfg = Release|Any CPU
		{D31C8417-6CCF-48B2-8538-A97A04A5B15C}.Release|Any CPU.Build.0 = Release|Any CPU
		{D31C8417-6CCF-48B2-8538-A97A04A5B15C}.Release-MVC3|Any CPU.ActiveCfg = Release|Any CPU
		{D31C8417-6CCF-48B2-8538-A97A04A5B15C}.Release-MVC3|Any CPU.Build.0 = Release|Any CPU
		{D31C8417-6CCF-48B2-8538-A97A04A5B15C}.Release-MVC5|Any CPU.ActiveCfg = Release|Any CPU
		{D31C8417-6CCF-48B2-8538-A97A04A5B15C}.Release-MVC5|Any CPU.Build.0 = Release|Any CPU
		{5CBB79BF-127D-4971-9CDA-113D57EE6CAB}.Debug|Any CPU.ActiveCfg = Debug|Any CPU
		{5CBB79BF-127D-4971-9CDA-113D57EE6CAB}.Debug|Any CPU.Build.0 = Debug|Any CPU
		{5CBB79BF-127D-4971-9CDA-113D57EE6CAB}.Debug-MVC3|Any CPU.ActiveCfg = Debug-MVC3|Any CPU
		{5CBB79BF-127D-4971-9CDA-113D57EE6CAB}.Debug-MVC3|Any CPU.Build.0 = Debug-MVC3|Any CPU
		{5CBB79BF-127D-4971-9CDA-113D57EE6CAB}.Debug-MVC5|Any CPU.ActiveCfg = Debug-MVC5|Any CPU
		{5CBB79BF-127D-4971-9CDA-113D57EE6CAB}.Debug-MVC5|Any CPU.Build.0 = Debug-MVC5|Any CPU
		{5CBB79BF-127D-4971-9CDA-113D57EE6CAB}.Release|Any CPU.ActiveCfg = Release|Any CPU
		{5CBB79BF-127D-4971-9CDA-113D57EE6CAB}.Release|Any CPU.Build.0 = Release|Any CPU
		{5CBB79BF-127D-4971-9CDA-113D57EE6CAB}.Release-MVC3|Any CPU.ActiveCfg = Release-MVC3|Any CPU
		{5CBB79BF-127D-4971-9CDA-113D57EE6CAB}.Release-MVC3|Any CPU.Build.0 = Release-MVC3|Any CPU
		{5CBB79BF-127D-4971-9CDA-113D57EE6CAB}.Release-MVC5|Any CPU.ActiveCfg = Release-MVC5|Any CPU
		{5CBB79BF-127D-4971-9CDA-113D57EE6CAB}.Release-MVC5|Any CPU.Build.0 = Release-MVC5|Any CPU
		{A9E33DC5-07D1-4CAD-A931-7A3B99AA0C0D}.Debug|Any CPU.ActiveCfg = Debug|Any CPU
		{A9E33DC5-07D1-4CAD-A931-7A3B99AA0C0D}.Debug|Any CPU.Build.0 = Debug|Any CPU
		{A9E33DC5-07D1-4CAD-A931-7A3B99AA0C0D}.Debug-MVC3|Any CPU.ActiveCfg = Debug|Any CPU
		{A9E33DC5-07D1-4CAD-A931-7A3B99AA0C0D}.Debug-MVC3|Any CPU.Build.0 = Debug|Any CPU
		{A9E33DC5-07D1-4CAD-A931-7A3B99AA0C0D}.Debug-MVC5|Any CPU.ActiveCfg = Debug|Any CPU
		{A9E33DC5-07D1-4CAD-A931-7A3B99AA0C0D}.Debug-MVC5|Any CPU.Build.0 = Debug|Any CPU
		{A9E33DC5-07D1-4CAD-A931-7A3B99AA0C0D}.Release|Any CPU.ActiveCfg = Release|Any CPU
		{A9E33DC5-07D1-4CAD-A931-7A3B99AA0C0D}.Release|Any CPU.Build.0 = Release|Any CPU
		{A9E33DC5-07D1-4CAD-A931-7A3B99AA0C0D}.Release-MVC3|Any CPU.ActiveCfg = Release|Any CPU
		{A9E33DC5-07D1-4CAD-A931-7A3B99AA0C0D}.Release-MVC3|Any CPU.Build.0 = Release|Any CPU
		{A9E33DC5-07D1-4CAD-A931-7A3B99AA0C0D}.Release-MVC5|Any CPU.ActiveCfg = Release|Any CPU
		{A9E33DC5-07D1-4CAD-A931-7A3B99AA0C0D}.Release-MVC5|Any CPU.Build.0 = Release|Any CPU
		{1BE62A60-720D-464E-97D6-9874263DF572}.Debug|Any CPU.ActiveCfg = Debug|Any CPU
		{1BE62A60-720D-464E-97D6-9874263DF572}.Debug|Any CPU.Build.0 = Debug|Any CPU
		{1BE62A60-720D-464E-97D6-9874263DF572}.Debug-MVC3|Any CPU.ActiveCfg = Debug|Any CPU
		{1BE62A60-720D-464E-97D6-9874263DF572}.Debug-MVC3|Any CPU.Build.0 = Debug|Any CPU
		{1BE62A60-720D-464E-97D6-9874263DF572}.Debug-MVC5|Any CPU.ActiveCfg = Debug|Any CPU
		{1BE62A60-720D-464E-97D6-9874263DF572}.Debug-MVC5|Any CPU.Build.0 = Debug|Any CPU
		{1BE62A60-720D-464E-97D6-9874263DF572}.Release|Any CPU.ActiveCfg = Release|Any CPU
		{1BE62A60-720D-464E-97D6-9874263DF572}.Release|Any CPU.Build.0 = Release|Any CPU
		{1BE62A60-720D-464E-97D6-9874263DF572}.Release-MVC3|Any CPU.ActiveCfg = Release|Any CPU
		{1BE62A60-720D-464E-97D6-9874263DF572}.Release-MVC3|Any CPU.Build.0 = Release|Any CPU
		{1BE62A60-720D-464E-97D6-9874263DF572}.Release-MVC5|Any CPU.ActiveCfg = Release|Any CPU
		{1BE62A60-720D-464E-97D6-9874263DF572}.Release-MVC5|Any CPU.Build.0 = Release|Any CPU
	EndGlobalSection
	GlobalSection(SolutionProperties) = preSolution
		HideSolutionNode = FALSE
	EndGlobalSection
	GlobalSection(NestedProjects) = preSolution
		{730A4B7E-A3C9-4D37-850A-1F54CC9A2EBD} = {5942558D-1318-4839-ABAB-BCA56932D761}
		{D0965D66-AFD5-417D-A3EE-56DC66D094EE} = {765E661E-8972-4692-99C5-5318632F6076}
		{D31C8417-6CCF-48B2-8538-A97A04A5B15C} = {765E661E-8972-4692-99C5-5318632F6076}
		{5CBB79BF-127D-4971-9CDA-113D57EE6CAB} = {765E661E-8972-4692-99C5-5318632F6076}
		{A9E33DC5-07D1-4CAD-A931-7A3B99AA0C0D} = {765E661E-8972-4692-99C5-5318632F6076}
		{1BE62A60-720D-464E-97D6-9874263DF572} = {765E661E-8972-4692-99C5-5318632F6076}
	EndGlobalSection
EndGlobal
