
Microsoft Visual Studio Solution File, Format Version 12.00
# Visual Studio 2013
VisualStudioVersion = 12.0.30501.0
MinimumVisualStudioVersion = 10.0.40219.1
Project("{FAE04EC0-301F-11D3-BF4B-00C04F79EFBC}") = "BITC.CMS.UI", "BITC.CMS.UI\BITC.CMS.UI.csproj", "{730A4B7E-A3C9-4D37-850A-1F54CC9A2EBD}"
EndProject
Project("{2150E333-8FDC-42A3-9474-1A3956D46DE8}") = "Apps", "Apps", "{5942558D-1318-4839-ABAB-BCA56932D761}"
EndProject
Project("{2150E333-8FDC-42A3-9474-1A3956D46DE8}") = "Libs", "Libs", "{765E661E-8972-4692-99C5-5318632F6076}"
EndProject
Project("{FAE04EC0-301F-11D3-BF4B-00C04F79EFBC}") = "BITC.Web.Library", "Libs\BITC.Web.Library\BITC.Web.Library.csproj", "{D0965D66-AFD5-417D-A3EE-56DC66D094EE}"
EndProject
Project("{FAE04EC0-301F-11D3-BF4B-00C04F79EFBC}") = "BITC.Library", "Libs\BITC.Library\BITC.Library.csproj", "{D31C8417-6CCF-48B2-8538-A97A04A5B15C}"
EndProject
Project("{FAE04EC0-301F-11D3-BF4B-00C04F79EFBC}") = "BITC.CMS.Data", "Libs\BITC.CMS.Data\BITC.CMS.Data.csproj", "{A9E33DC5-07D1-4CAD-A931-7A3B99AA0C0D}"
EndProject
Project("{FAE04EC0-301F-11D3-BF4B-00C04F79EFBC}") = "BITC.CMS.Repository", "Libs\BITC.CMS.Repository\BITC.CMS.Repository.csproj", "{1BE62A60-720D-464E-97D6-9874263DF572}"
EndProject
Project("{F184B08F-C81C-45F6-A57F-5ABD9991F28F}") = "BITC.CMS.Resource", "Libs\BITC.CMS.Resource\BITC.CMS.Resource.vbproj", "{02E7FB5C-D52D-460E-BFB8-36FD4B9577A7}"
EndProject
Project("{FAE04EC0-301F-11D3-BF4B-00C04F79EFBC}") = "BITC.CMS.Identity.EntityFramework", "Libs\BITC.CMS.Identity.EntityFramework\BITC.CMS.Identity.EntityFramework.csproj", "{DA66E05F-61DC-4F7F-98B2-F2E038598866}"
EndProject
Project("{FAE04EC0-301F-11D3-BF4B-00C04F79EFBC}") = "LinqKit", "Libs\LinqKit\LinqKit.csproj", "{77FB9BBC-F99F-4E17-B608-5B98B0901507}"
EndProject
Global
	GlobalSection(SolutionConfigurationPlatforms) = preSolution
		Debug|Any CPU = Debug|Any CPU
		Debug|Mixed Platforms = Debug|Mixed Platforms
		Debug|x86 = Debug|x86
		Debug-MVC3|Any CPU = Debug-MVC3|Any CPU
		Debug-MVC3|Mixed Platforms = Debug-MVC3|Mixed Platforms
		Debug-MVC3|x86 = Debug-MVC3|x86
		Debug-MVC5|Any CPU = Debug-MVC5|Any CPU
		Debug-MVC5|Mixed Platforms = Debug-MVC5|Mixed Platforms
		Debug-MVC5|x86 = Debug-MVC5|x86
		Release|Any CPU = Release|Any CPU
		Release|Mixed Platforms = Release|Mixed Platforms
		Release|x86 = Release|x86
		Release-MVC3|Any CPU = Release-MVC3|Any CPU
		Release-MVC3|Mixed Platforms = Release-MVC3|Mixed Platforms
		Release-MVC3|x86 = Release-MVC3|x86
		Release-MVC5|Any CPU = Release-MVC5|Any CPU
		Release-MVC5|Mixed Platforms = Release-MVC5|Mixed Platforms
		Release-MVC5|x86 = Release-MVC5|x86
	EndGlobalSection
	GlobalSection(ProjectConfigurationPlatforms) = postSolution
		{730A4B7E-A3C9-4D37-850A-1F54CC9A2EBD}.Debug|Any CPU.ActiveCfg = Debug|Any CPU
		{730A4B7E-A3C9-4D37-850A-1F54CC9A2EBD}.Debug|Any CPU.Build.0 = Debug|Any CPU
		{730A4B7E-A3C9-4D37-850A-1F54CC9A2EBD}.Debug|Mixed Platforms.ActiveCfg = Debug|Any CPU
		{730A4B7E-A3C9-4D37-850A-1F54CC9A2EBD}.Debug|Mixed Platforms.Build.0 = Debug|Any CPU
		{730A4B7E-A3C9-4D37-850A-1F54CC9A2EBD}.Debug|x86.ActiveCfg = Debug|Any CPU
		{730A4B7E-A3C9-4D37-850A-1F54CC9A2EBD}.Debug-MVC3|Any CPU.ActiveCfg = Debug|Any CPU
		{730A4B7E-A3C9-4D37-850A-1F54CC9A2EBD}.Debug-MVC3|Any CPU.Build.0 = Debug|Any CPU
		{730A4B7E-A3C9-4D37-850A-1F54CC9A2EBD}.Debug-MVC3|Mixed Platforms.ActiveCfg = Debug|Any CPU
		{730A4B7E-A3C9-4D37-850A-1F54CC9A2EBD}.Debug-MVC3|Mixed Platforms.Build.0 = Debug|Any CPU
		{730A4B7E-A3C9-4D37-850A-1F54CC9A2EBD}.Debug-MVC3|x86.ActiveCfg = Debug|Any CPU
		{730A4B7E-A3C9-4D37-850A-1F54CC9A2EBD}.Debug-MVC5|Any CPU.ActiveCfg = Debug|Any CPU
		{730A4B7E-A3C9-4D37-850A-1F54CC9A2EBD}.Debug-MVC5|Any CPU.Build.0 = Debug|Any CPU
		{730A4B7E-A3C9-4D37-850A-1F54CC9A2EBD}.Debug-MVC5|Mixed Platforms.ActiveCfg = Debug|Any CPU
		{730A4B7E-A3C9-4D37-850A-1F54CC9A2EBD}.Debug-MVC5|Mixed Platforms.Build.0 = Debug|Any CPU
		{730A4B7E-A3C9-4D37-850A-1F54CC9A2EBD}.Debug-MVC5|x86.ActiveCfg = Debug|Any CPU
		{730A4B7E-A3C9-4D37-850A-1F54CC9A2EBD}.Release|Any CPU.ActiveCfg = Release|Any CPU
		{730A4B7E-A3C9-4D37-850A-1F54CC9A2EBD}.Release|Any CPU.Build.0 = Release|Any CPU
		{730A4B7E-A3C9-4D37-850A-1F54CC9A2EBD}.Release|Mixed Platforms.ActiveCfg = Release|Any CPU
		{730A4B7E-A3C9-4D37-850A-1F54CC9A2EBD}.Release|Mixed Platforms.Build.0 = Release|Any CPU
		{730A4B7E-A3C9-4D37-850A-1F54CC9A2EBD}.Release|x86.ActiveCfg = Release|Any CPU
		{730A4B7E-A3C9-4D37-850A-1F54CC9A2EBD}.Release-MVC3|Any CPU.ActiveCfg = Release|Any CPU
		{730A4B7E-A3C9-4D37-850A-1F54CC9A2EBD}.Release-MVC3|Any CPU.Build.0 = Release|Any CPU
		{730A4B7E-A3C9-4D37-850A-1F54CC9A2EBD}.Release-MVC3|Mixed Platforms.ActiveCfg = Release|Any CPU
		{730A4B7E-A3C9-4D37-850A-1F54CC9A2EBD}.Release-MVC3|Mixed Platforms.Build.0 = Release|Any CPU
		{730A4B7E-A3C9-4D37-850A-1F54CC9A2EBD}.Release-MVC3|x86.ActiveCfg = Release|Any CPU
		{730A4B7E-A3C9-4D37-850A-1F54CC9A2EBD}.Release-MVC5|Any CPU.ActiveCfg = Release|Any CPU
		{730A4B7E-A3C9-4D37-850A-1F54CC9A2EBD}.Release-MVC5|Any CPU.Build.0 = Release|Any CPU
		{730A4B7E-A3C9-4D37-850A-1F54CC9A2EBD}.Release-MVC5|Mixed Platforms.ActiveCfg = Release|Any CPU
		{730A4B7E-A3C9-4D37-850A-1F54CC9A2EBD}.Release-MVC5|Mixed Platforms.Build.0 = Release|Any CPU
		{730A4B7E-A3C9-4D37-850A-1F54CC9A2EBD}.Release-MVC5|x86.ActiveCfg = Release|Any CPU
		{D0965D66-AFD5-417D-A3EE-56DC66D094EE}.Debug|Any CPU.ActiveCfg = Debug|Any CPU
		{D0965D66-AFD5-417D-A3EE-56DC66D094EE}.Debug|Any CPU.Build.0 = Debug|Any CPU
		{D0965D66-AFD5-417D-A3EE-56DC66D094EE}.Debug|Mixed Platforms.ActiveCfg = Debug|Any CPU
		{D0965D66-AFD5-417D-A3EE-56DC66D094EE}.Debug|Mixed Platforms.Build.0 = Debug|Any CPU
		{D0965D66-AFD5-417D-A3EE-56DC66D094EE}.Debug|x86.ActiveCfg = Debug|Any CPU
		{D0965D66-AFD5-417D-A3EE-56DC66D094EE}.Debug-MVC3|Any CPU.ActiveCfg = Debug|Any CPU
		{D0965D66-AFD5-417D-A3EE-56DC66D094EE}.Debug-MVC3|Any CPU.Build.0 = Debug|Any CPU
		{D0965D66-AFD5-417D-A3EE-56DC66D094EE}.Debug-MVC3|Mixed Platforms.ActiveCfg = Debug|Any CPU
		{D0965D66-AFD5-417D-A3EE-56DC66D094EE}.Debug-MVC3|Mixed Platforms.Build.0 = Debug|Any CPU
		{D0965D66-AFD5-417D-A3EE-56DC66D094EE}.Debug-MVC3|x86.ActiveCfg = Debug|Any CPU
		{D0965D66-AFD5-417D-A3EE-56DC66D094EE}.Debug-MVC5|Any CPU.ActiveCfg = Debug|Any CPU
		{D0965D66-AFD5-417D-A3EE-56DC66D094EE}.Debug-MVC5|Any CPU.Build.0 = Debug|Any CPU
		{D0965D66-AFD5-417D-A3EE-56DC66D094EE}.Debug-MVC5|Mixed Platforms.ActiveCfg = Debug|Any CPU
		{D0965D66-AFD5-417D-A3EE-56DC66D094EE}.Debug-MVC5|Mixed Platforms.Build.0 = Debug|Any CPU
		{D0965D66-AFD5-417D-A3EE-56DC66D094EE}.Debug-MVC5|x86.ActiveCfg = Debug|Any CPU
		{D0965D66-AFD5-417D-A3EE-56DC66D094EE}.Release|Any CPU.ActiveCfg = Release|Any CPU
		{D0965D66-AFD5-417D-A3EE-56DC66D094EE}.Release|Any CPU.Build.0 = Release|Any CPU
		{D0965D66-AFD5-417D-A3EE-56DC66D094EE}.Release|Mixed Platforms.ActiveCfg = Release|Any CPU
		{D0965D66-AFD5-417D-A3EE-56DC66D094EE}.Release|Mixed Platforms.Build.0 = Release|Any CPU
		{D0965D66-AFD5-417D-A3EE-56DC66D094EE}.Release|x86.ActiveCfg = Release|Any CPU
		{D0965D66-AFD5-417D-A3EE-56DC66D094EE}.Release-MVC3|Any CPU.ActiveCfg = Release|Any CPU
		{D0965D66-AFD5-417D-A3EE-56DC66D094EE}.Release-MVC3|Any CPU.Build.0 = Release|Any CPU
		{D0965D66-AFD5-417D-A3EE-56DC66D094EE}.Release-MVC3|Mixed Platforms.ActiveCfg = Release|Any CPU
		{D0965D66-AFD5-417D-A3EE-56DC66D094EE}.Release-MVC3|Mixed Platforms.Build.0 = Release|Any CPU
		{D0965D66-AFD5-417D-A3EE-56DC66D094EE}.Release-MVC3|x86.ActiveCfg = Release|Any CPU
		{D0965D66-AFD5-417D-A3EE-56DC66D094EE}.Release-MVC5|Any CPU.ActiveCfg = Release|Any CPU
		{D0965D66-AFD5-417D-A3EE-56DC66D094EE}.Release-MVC5|Any CPU.Build.0 = Release|Any CPU
		{D0965D66-AFD5-417D-A3EE-56DC66D094EE}.Release-MVC5|Mixed Platforms.ActiveCfg = Release|Any CPU
		{D0965D66-AFD5-417D-A3EE-56DC66D094EE}.Release-MVC5|Mixed Platforms.Build.0 = Release|Any CPU
		{D0965D66-AFD5-417D-A3EE-56DC66D094EE}.Release-MVC5|x86.ActiveCfg = Release|Any CPU
		{D31C8417-6CCF-48B2-8538-A97A04A5B15C}.Debug|Any CPU.ActiveCfg = Debug|Any CPU
		{D31C8417-6CCF-48B2-8538-A97A04A5B15C}.Debug|Any CPU.Build.0 = Debug|Any CPU
		{D31C8417-6CCF-48B2-8538-A97A04A5B15C}.Debug|Mixed Platforms.ActiveCfg = Debug|Any CPU
		{D31C8417-6CCF-48B2-8538-A97A04A5B15C}.Debug|Mixed Platforms.Build.0 = Debug|Any CPU
		{D31C8417-6CCF-48B2-8538-A97A04A5B15C}.Debug|x86.ActiveCfg = Debug|Any CPU
		{D31C8417-6CCF-48B2-8538-A97A04A5B15C}.Debug-MVC3|Any CPU.ActiveCfg = Debug|Any CPU
		{D31C8417-6CCF-48B2-8538-A97A04A5B15C}.Debug-MVC3|Any CPU.Build.0 = Debug|Any CPU
		{D31C8417-6CCF-48B2-8538-A97A04A5B15C}.Debug-MVC3|Mixed Platforms.ActiveCfg = Debug|Any CPU
		{D31C8417-6CCF-48B2-8538-A97A04A5B15C}.Debug-MVC3|Mixed Platforms.Build.0 = Debug|Any CPU
		{D31C8417-6CCF-48B2-8538-A97A04A5B15C}.Debug-MVC3|x86.ActiveCfg = Debug|Any CPU
		{D31C8417-6CCF-48B2-8538-A97A04A5B15C}.Debug-MVC5|Any CPU.ActiveCfg = Debug|Any CPU
		{D31C8417-6CCF-48B2-8538-A97A04A5B15C}.Debug-MVC5|Any CPU.Build.0 = Debug|Any CPU
		{D31C8417-6CCF-48B2-8538-A97A04A5B15C}.Debug-MVC5|Mixed Platforms.ActiveCfg = Debug|Any CPU
		{D31C8417-6CCF-48B2-8538-A97A04A5B15C}.Debug-MVC5|Mixed Platforms.Build.0 = Debug|Any CPU
		{D31C8417-6CCF-48B2-8538-A97A04A5B15C}.Debug-MVC5|x86.ActiveCfg = Debug|Any CPU
		{D31C8417-6CCF-48B2-8538-A97A04A5B15C}.Release|Any CPU.ActiveCfg = Release|Any CPU
		{D31C8417-6CCF-48B2-8538-A97A04A5B15C}.Release|Any CPU.Build.0 = Release|Any CPU
		{D31C8417-6CCF-48B2-8538-A97A04A5B15C}.Release|Mixed Platforms.ActiveCfg = Release|Any CPU
		{D31C8417-6CCF-48B2-8538-A97A04A5B15C}.Release|Mixed Platforms.Build.0 = Release|Any CPU
		{D31C8417-6CCF-48B2-8538-A97A04A5B15C}.Release|x86.ActiveCfg = Release|Any CPU
		{D31C8417-6CCF-48B2-8538-A97A04A5B15C}.Release-MVC3|Any CPU.ActiveCfg = Release|Any CPU
		{D31C8417-6CCF-48B2-8538-A97A04A5B15C}.Release-MVC3|Any CPU.Build.0 = Release|Any CPU
		{D31C8417-6CCF-48B2-8538-A97A04A5B15C}.Release-MVC3|Mixed Platforms.ActiveCfg = Release|Any CPU
		{D31C8417-6CCF-48B2-8538-A97A04A5B15C}.Release-MVC3|Mixed Platforms.Build.0 = Release|Any CPU
		{D31C8417-6CCF-48B2-8538-A97A04A5B15C}.Release-MVC3|x86.ActiveCfg = Release|Any CPU
		{D31C8417-6CCF-48B2-8538-A97A04A5B15C}.Release-MVC5|Any CPU.ActiveCfg = Release|Any CPU
		{D31C8417-6CCF-48B2-8538-A97A04A5B15C}.Release-MVC5|Any CPU.Build.0 = Release|Any CPU
		{D31C8417-6CCF-48B2-8538-A97A04A5B15C}.Release-MVC5|Mixed Platforms.ActiveCfg = Release|Any CPU
		{D31C8417-6CCF-48B2-8538-A97A04A5B15C}.Release-MVC5|Mixed Platforms.Build.0 = Release|Any CPU
		{D31C8417-6CCF-48B2-8538-A97A04A5B15C}.Release-MVC5|x86.ActiveCfg = Release|Any CPU
		{A9E33DC5-07D1-4CAD-A931-7A3B99AA0C0D}.Debug|Any CPU.ActiveCfg = Debug|Any CPU
		{A9E33DC5-07D1-4CAD-A931-7A3B99AA0C0D}.Debug|Any CPU.Build.0 = Debug|Any CPU
		{A9E33DC5-07D1-4CAD-A931-7A3B99AA0C0D}.Debug|Mixed Platforms.ActiveCfg = Debug|Any CPU
		{A9E33DC5-07D1-4CAD-A931-7A3B99AA0C0D}.Debug|Mixed Platforms.Build.0 = Debug|Any CPU
		{A9E33DC5-07D1-4CAD-A931-7A3B99AA0C0D}.Debug|x86.ActiveCfg = Debug|Any CPU
		{A9E33DC5-07D1-4CAD-A931-7A3B99AA0C0D}.Debug-MVC3|Any CPU.ActiveCfg = Debug|Any CPU
		{A9E33DC5-07D1-4CAD-A931-7A3B99AA0C0D}.Debug-MVC3|Any CPU.Build.0 = Debug|Any CPU
		{A9E33DC5-07D1-4CAD-A931-7A3B99AA0C0D}.Debug-MVC3|Mixed Platforms.ActiveCfg = Debug|Any CPU
		{A9E33DC5-07D1-4CAD-A931-7A3B99AA0C0D}.Debug-MVC3|Mixed Platforms.Build.0 = Debug|Any CPU
		{A9E33DC5-07D1-4CAD-A931-7A3B99AA0C0D}.Debug-MVC3|x86.ActiveCfg = Debug|Any CPU
		{A9E33DC5-07D1-4CAD-A931-7A3B99AA0C0D}.Debug-MVC5|Any CPU.ActiveCfg = Debug|Any CPU
		{A9E33DC5-07D1-4CAD-A931-7A3B99AA0C0D}.Debug-MVC5|Any CPU.Build.0 = Debug|Any CPU
		{A9E33DC5-07D1-4CAD-A931-7A3B99AA0C0D}.Debug-MVC5|Mixed Platforms.ActiveCfg = Debug|Any CPU
		{A9E33DC5-07D1-4CAD-A931-7A3B99AA0C0D}.Debug-MVC5|Mixed Platforms.Build.0 = Debug|Any CPU
		{A9E33DC5-07D1-4CAD-A931-7A3B99AA0C0D}.Debug-MVC5|x86.ActiveCfg = Debug|Any CPU
		{A9E33DC5-07D1-4CAD-A931-7A3B99AA0C0D}.Release|Any CPU.ActiveCfg = Release|Any CPU
		{A9E33DC5-07D1-4CAD-A931-7A3B99AA0C0D}.Release|Any CPU.Build.0 = Release|Any CPU
		{A9E33DC5-07D1-4CAD-A931-7A3B99AA0C0D}.Release|Mixed Platforms.ActiveCfg = Release|Any CPU
		{A9E33DC5-07D1-4CAD-A931-7A3B99AA0C0D}.Release|Mixed Platforms.Build.0 = Release|Any CPU
		{A9E33DC5-07D1-4CAD-A931-7A3B99AA0C0D}.Release|x86.ActiveCfg = Release|Any CPU
		{A9E33DC5-07D1-4CAD-A931-7A3B99AA0C0D}.Release-MVC3|Any CPU.ActiveCfg = Release|Any CPU
		{A9E33DC5-07D1-4CAD-A931-7A3B99AA0C0D}.Release-MVC3|Any CPU.Build.0 = Release|Any CPU
		{A9E33DC5-07D1-4CAD-A931-7A3B99AA0C0D}.Release-MVC3|Mixed Platforms.ActiveCfg = Release|Any CPU
		{A9E33DC5-07D1-4CAD-A931-7A3B99AA0C0D}.Release-MVC3|Mixed Platforms.Build.0 = Release|Any CPU
		{A9E33DC5-07D1-4CAD-A931-7A3B99AA0C0D}.Release-MVC3|x86.ActiveCfg = Release|Any CPU
		{A9E33DC5-07D1-4CAD-A931-7A3B99AA0C0D}.Release-MVC5|Any CPU.ActiveCfg = Release|Any CPU
		{A9E33DC5-07D1-4CAD-A931-7A3B99AA0C0D}.Release-MVC5|Any CPU.Build.0 = Release|Any CPU
		{A9E33DC5-07D1-4CAD-A931-7A3B99AA0C0D}.Release-MVC5|Mixed Platforms.ActiveCfg = Release|Any CPU
		{A9E33DC5-07D1-4CAD-A931-7A3B99AA0C0D}.Release-MVC5|Mixed Platforms.Build.0 = Release|Any CPU
		{A9E33DC5-07D1-4CAD-A931-7A3B99AA0C0D}.Release-MVC5|x86.ActiveCfg = Release|Any CPU
		{1BE62A60-720D-464E-97D6-9874263DF572}.Debug|Any CPU.ActiveCfg = Debug|Any CPU
		{1BE62A60-720D-464E-97D6-9874263DF572}.Debug|Any CPU.Build.0 = Debug|Any CPU
		{1BE62A60-720D-464E-97D6-9874263DF572}.Debug|Mixed Platforms.ActiveCfg = Debug|Any CPU
		{1BE62A60-720D-464E-97D6-9874263DF572}.Debug|Mixed Platforms.Build.0 = Debug|Any CPU
		{1BE62A60-720D-464E-97D6-9874263DF572}.Debug|x86.ActiveCfg = Debug|Any CPU
		{1BE62A60-720D-464E-97D6-9874263DF572}.Debug-MVC3|Any CPU.ActiveCfg = Debug|Any CPU
		{1BE62A60-720D-464E-97D6-9874263DF572}.Debug-MVC3|Any CPU.Build.0 = Debug|Any CPU
		{1BE62A60-720D-464E-97D6-9874263DF572}.Debug-MVC3|Mixed Platforms.ActiveCfg = Debug|Any CPU
		{1BE62A60-720D-464E-97D6-9874263DF572}.Debug-MVC3|Mixed Platforms.Build.0 = Debug|Any CPU
		{1BE62A60-720D-464E-97D6-9874263DF572}.Debug-MVC3|x86.ActiveCfg = Debug|Any CPU
		{1BE62A60-720D-464E-97D6-9874263DF572}.Debug-MVC5|Any CPU.ActiveCfg = Debug|Any CPU
		{1BE62A60-720D-464E-97D6-9874263DF572}.Debug-MVC5|Any CPU.Build.0 = Debug|Any CPU
		{1BE62A60-720D-464E-97D6-9874263DF572}.Debug-MVC5|Mixed Platforms.ActiveCfg = Debug|Any CPU
		{1BE62A60-720D-464E-97D6-9874263DF572}.Debug-MVC5|Mixed Platforms.Build.0 = Debug|Any CPU
		{1BE62A60-720D-464E-97D6-9874263DF572}.Debug-MVC5|x86.ActiveCfg = Debug|Any CPU
		{1BE62A60-720D-464E-97D6-9874263DF572}.Release|Any CPU.ActiveCfg = Release|Any CPU
		{1BE62A60-720D-464E-97D6-9874263DF572}.Release|Any CPU.Build.0 = Release|Any CPU
		{1BE62A60-720D-464E-97D6-9874263DF572}.Release|Mixed Platforms.ActiveCfg = Release|Any CPU
		{1BE62A60-720D-464E-97D6-9874263DF572}.Release|Mixed Platforms.Build.0 = Release|Any CPU
		{1BE62A60-720D-464E-97D6-9874263DF572}.Release|x86.ActiveCfg = Release|Any CPU
		{1BE62A60-720D-464E-97D6-9874263DF572}.Release-MVC3|Any CPU.ActiveCfg = Release|Any CPU
		{1BE62A60-720D-464E-97D6-9874263DF572}.Release-MVC3|Any CPU.Build.0 = Release|Any CPU
		{1BE62A60-720D-464E-97D6-9874263DF572}.Release-MVC3|Mixed Platforms.ActiveCfg = Release|Any CPU
		{1BE62A60-720D-464E-97D6-9874263DF572}.Release-MVC3|Mixed Platforms.Build.0 = Release|Any CPU
		{1BE62A60-720D-464E-97D6-9874263DF572}.Release-MVC3|x86.ActiveCfg = Release|Any CPU
		{1BE62A60-720D-464E-97D6-9874263DF572}.Release-MVC5|Any CPU.ActiveCfg = Release|Any CPU
		{1BE62A60-720D-464E-97D6-9874263DF572}.Release-MVC5|Any CPU.Build.0 = Release|Any CPU
		{1BE62A60-720D-464E-97D6-9874263DF572}.Release-MVC5|Mixed Platforms.ActiveCfg = Release|Any CPU
		{1BE62A60-720D-464E-97D6-9874263DF572}.Release-MVC5|Mixed Platforms.Build.0 = Release|Any CPU
		{1BE62A60-720D-464E-97D6-9874263DF572}.Release-MVC5|x86.ActiveCfg = Release|Any CPU
		{02E7FB5C-D52D-460E-BFB8-36FD4B9577A7}.Debug|Any CPU.ActiveCfg = Debug|Any CPU
		{02E7FB5C-D52D-460E-BFB8-36FD4B9577A7}.Debug|Any CPU.Build.0 = Debug|Any CPU
		{02E7FB5C-D52D-460E-BFB8-36FD4B9577A7}.Debug|Mixed Platforms.ActiveCfg = Debug|Any CPU
		{02E7FB5C-D52D-460E-BFB8-36FD4B9577A7}.Debug|Mixed Platforms.Build.0 = Debug|Any CPU
		{02E7FB5C-D52D-460E-BFB8-36FD4B9577A7}.Debug|x86.ActiveCfg = Debug|Any CPU
		{02E7FB5C-D52D-460E-BFB8-36FD4B9577A7}.Debug-MVC3|Any CPU.ActiveCfg = Debug|Any CPU
		{02E7FB5C-D52D-460E-BFB8-36FD4B9577A7}.Debug-MVC3|Any CPU.Build.0 = Debug|Any CPU
		{02E7FB5C-D52D-460E-BFB8-36FD4B9577A7}.Debug-MVC3|Mixed Platforms.ActiveCfg = Debug|Any CPU
		{02E7FB5C-D52D-460E-BFB8-36FD4B9577A7}.Debug-MVC3|Mixed Platforms.Build.0 = Debug|Any CPU
		{02E7FB5C-D52D-460E-BFB8-36FD4B9577A7}.Debug-MVC3|x86.ActiveCfg = Debug|Any CPU
		{02E7FB5C-D52D-460E-BFB8-36FD4B9577A7}.Debug-MVC5|Any CPU.ActiveCfg = Debug|Any CPU
		{02E7FB5C-D52D-460E-BFB8-36FD4B9577A7}.Debug-MVC5|Any CPU.Build.0 = Debug|Any CPU
		{02E7FB5C-D52D-460E-BFB8-36FD4B9577A7}.Debug-MVC5|Mixed Platforms.ActiveCfg = Debug|Any CPU
		{02E7FB5C-D52D-460E-BFB8-36FD4B9577A7}.Debug-MVC5|Mixed Platforms.Build.0 = Debug|Any CPU
		{02E7FB5C-D52D-460E-BFB8-36FD4B9577A7}.Debug-MVC5|x86.ActiveCfg = Debug|Any CPU
		{02E7FB5C-D52D-460E-BFB8-36FD4B9577A7}.Release|Any CPU.ActiveCfg = Release|Any CPU
		{02E7FB5C-D52D-460E-BFB8-36FD4B9577A7}.Release|Any CPU.Build.0 = Release|Any CPU
		{02E7FB5C-D52D-460E-BFB8-36FD4B9577A7}.Release|Mixed Platforms.ActiveCfg = Release|Any CPU
		{02E7FB5C-D52D-460E-BFB8-36FD4B9577A7}.Release|Mixed Platforms.Build.0 = Release|Any CPU
		{02E7FB5C-D52D-460E-BFB8-36FD4B9577A7}.Release|x86.ActiveCfg = Release|Any CPU
		{02E7FB5C-D52D-460E-BFB8-36FD4B9577A7}.Release-MVC3|Any CPU.ActiveCfg = Release|Any CPU
		{02E7FB5C-D52D-460E-BFB8-36FD4B9577A7}.Release-MVC3|Any CPU.Build.0 = Release|Any CPU
		{02E7FB5C-D52D-460E-BFB8-36FD4B9577A7}.Release-MVC3|Mixed Platforms.ActiveCfg = Release|Any CPU
		{02E7FB5C-D52D-460E-BFB8-36FD4B9577A7}.Release-MVC3|Mixed Platforms.Build.0 = Release|Any CPU
		{02E7FB5C-D52D-460E-BFB8-36FD4B9577A7}.Release-MVC3|x86.ActiveCfg = Release|Any CPU
		{02E7FB5C-D52D-460E-BFB8-36FD4B9577A7}.Release-MVC5|Any CPU.ActiveCfg = Release|Any CPU
		{02E7FB5C-D52D-460E-BFB8-36FD4B9577A7}.Release-MVC5|Any CPU.Build.0 = Release|Any CPU
		{02E7FB5C-D52D-460E-BFB8-36FD4B9577A7}.Release-MVC5|Mixed Platforms.ActiveCfg = Release|Any CPU
		{02E7FB5C-D52D-460E-BFB8-36FD4B9577A7}.Release-MVC5|Mixed Platforms.Build.0 = Release|Any CPU
		{02E7FB5C-D52D-460E-BFB8-36FD4B9577A7}.Release-MVC5|x86.ActiveCfg = Release|Any CPU
		{DA66E05F-61DC-4F7F-98B2-F2E038598866}.Debug|Any CPU.ActiveCfg = Debug|Any CPU
		{DA66E05F-61DC-4F7F-98B2-F2E038598866}.Debug|Any CPU.Build.0 = Debug|Any CPU
		{DA66E05F-61DC-4F7F-98B2-F2E038598866}.Debug|Mixed Platforms.ActiveCfg = Debug|Any CPU
		{DA66E05F-61DC-4F7F-98B2-F2E038598866}.Debug|Mixed Platforms.Build.0 = Debug|Any CPU
		{DA66E05F-61DC-4F7F-98B2-F2E038598866}.Debug|x86.ActiveCfg = Debug|Any CPU
		{DA66E05F-61DC-4F7F-98B2-F2E038598866}.Debug-MVC3|Any CPU.ActiveCfg = Debug|Any CPU
		{DA66E05F-61DC-4F7F-98B2-F2E038598866}.Debug-MVC3|Any CPU.Build.0 = Debug|Any CPU
		{DA66E05F-61DC-4F7F-98B2-F2E038598866}.Debug-MVC3|Mixed Platforms.ActiveCfg = Debug|Any CPU
		{DA66E05F-61DC-4F7F-98B2-F2E038598866}.Debug-MVC3|Mixed Platforms.Build.0 = Debug|Any CPU
		{DA66E05F-61DC-4F7F-98B2-F2E038598866}.Debug-MVC3|x86.ActiveCfg = Debug|Any CPU
		{DA66E05F-61DC-4F7F-98B2-F2E038598866}.Debug-MVC5|Any CPU.ActiveCfg = Debug|Any CPU
		{DA66E05F-61DC-4F7F-98B2-F2E038598866}.Debug-MVC5|Any CPU.Build.0 = Debug|Any CPU
		{DA66E05F-61DC-4F7F-98B2-F2E038598866}.Debug-MVC5|Mixed Platforms.ActiveCfg = Debug|Any CPU
		{DA66E05F-61DC-4F7F-98B2-F2E038598866}.Debug-MVC5|Mixed Platforms.Build.0 = Debug|Any CPU
		{DA66E05F-61DC-4F7F-98B2-F2E038598866}.Debug-MVC5|x86.ActiveCfg = Debug|Any CPU
		{DA66E05F-61DC-4F7F-98B2-F2E038598866}.Release|Any CPU.ActiveCfg = Release|Any CPU
		{DA66E05F-61DC-4F7F-98B2-F2E038598866}.Release|Any CPU.Build.0 = Release|Any CPU
		{DA66E05F-61DC-4F7F-98B2-F2E038598866}.Release|Mixed Platforms.ActiveCfg = Release|Any CPU
		{DA66E05F-61DC-4F7F-98B2-F2E038598866}.Release|Mixed Platforms.Build.0 = Release|Any CPU
		{DA66E05F-61DC-4F7F-98B2-F2E038598866}.Release|x86.ActiveCfg = Release|Any CPU
		{DA66E05F-61DC-4F7F-98B2-F2E038598866}.Release-MVC3|Any CPU.ActiveCfg = Release|Any CPU
		{DA66E05F-61DC-4F7F-98B2-F2E038598866}.Release-MVC3|Any CPU.Build.0 = Release|Any CPU
		{DA66E05F-61DC-4F7F-98B2-F2E038598866}.Release-MVC3|Mixed Platforms.ActiveCfg = Release|Any CPU
		{DA66E05F-61DC-4F7F-98B2-F2E038598866}.Release-MVC3|Mixed Platforms.Build.0 = Release|Any CPU
		{DA66E05F-61DC-4F7F-98B2-F2E038598866}.Release-MVC3|x86.ActiveCfg = Release|Any CPU
		{DA66E05F-61DC-4F7F-98B2-F2E038598866}.Release-MVC5|Any CPU.ActiveCfg = Release|Any CPU
		{DA66E05F-61DC-4F7F-98B2-F2E038598866}.Release-MVC5|Any CPU.Build.0 = Release|Any CPU
		{DA66E05F-61DC-4F7F-98B2-F2E038598866}.Release-MVC5|Mixed Platforms.ActiveCfg = Release|Any CPU
		{DA66E05F-61DC-4F7F-98B2-F2E038598866}.Release-MVC5|Mixed Platforms.Build.0 = Release|Any CPU
		{DA66E05F-61DC-4F7F-98B2-F2E038598866}.Release-MVC5|x86.ActiveCfg = Release|Any CPU
		{77FB9BBC-F99F-4E17-B608-5B98B0901507}.Debug|Any CPU.ActiveCfg = Debug|Any CPU
		{77FB9BBC-F99F-4E17-B608-5B98B0901507}.Debug|Any CPU.Build.0 = Debug|Any CPU
		{77FB9BBC-F99F-4E17-B608-5B98B0901507}.Debug|Mixed Platforms.ActiveCfg = Debug|Any CPU
		{77FB9BBC-F99F-4E17-B608-5B98B0901507}.Debug|Mixed Platforms.Build.0 = Debug|Any CPU
		{77FB9BBC-F99F-4E17-B608-5B98B0901507}.Debug|x86.ActiveCfg = Debug|Any CPU
		{77FB9BBC-F99F-4E17-B608-5B98B0901507}.Debug-MVC3|Any CPU.ActiveCfg = Debug|Any CPU
		{77FB9BBC-F99F-4E17-B608-5B98B0901507}.Debug-MVC3|Any CPU.Build.0 = Debug|Any CPU
		{77FB9BBC-F99F-4E17-B608-5B98B0901507}.Debug-MVC3|Mixed Platforms.ActiveCfg = Debug|Any CPU
		{77FB9BBC-F99F-4E17-B608-5B98B0901507}.Debug-MVC3|Mixed Platforms.Build.0 = Debug|Any CPU
		{77FB9BBC-F99F-4E17-B608-5B98B0901507}.Debug-MVC3|x86.ActiveCfg = Debug|Any CPU
		{77FB9BBC-F99F-4E17-B608-5B98B0901507}.Debug-MVC5|Any CPU.ActiveCfg = Debug|Any CPU
		{77FB9BBC-F99F-4E17-B608-5B98B0901507}.Debug-MVC5|Any CPU.Build.0 = Debug|Any CPU
		{77FB9BBC-F99F-4E17-B608-5B98B0901507}.Debug-MVC5|Mixed Platforms.ActiveCfg = Debug|Any CPU
		{77FB9BBC-F99F-4E17-B608-5B98B0901507}.Debug-MVC5|Mixed Platforms.Build.0 = Debug|Any CPU
		{77FB9BBC-F99F-4E17-B608-5B98B0901507}.Debug-MVC5|x86.ActiveCfg = Debug|Any CPU
		{77FB9BBC-F99F-4E17-B608-5B98B0901507}.Release|Any CPU.ActiveCfg = Release|Any CPU
		{77FB9BBC-F99F-4E17-B608-5B98B0901507}.Release|Any CPU.Build.0 = Release|Any CPU
		{77FB9BBC-F99F-4E17-B608-5B98B0901507}.Release|Mixed Platforms.ActiveCfg = Release|Any CPU
		{77FB9BBC-F99F-4E17-B608-5B98B0901507}.Release|Mixed Platforms.Build.0 = Release|Any CPU
		{77FB9BBC-F99F-4E17-B608-5B98B0901507}.Release|x86.ActiveCfg = Release|Any CPU
		{77FB9BBC-F99F-4E17-B608-5B98B0901507}.Release-MVC3|Any CPU.ActiveCfg = Release|Any CPU
		{77FB9BBC-F99F-4E17-B608-5B98B0901507}.Release-MVC3|Any CPU.Build.0 = Release|Any CPU
		{77FB9BBC-F99F-4E17-B608-5B98B0901507}.Release-MVC3|Mixed Platforms.ActiveCfg = Release|Any CPU
		{77FB9BBC-F99F-4E17-B608-5B98B0901507}.Release-MVC3|Mixed Platforms.Build.0 = Release|Any CPU
		{77FB9BBC-F99F-4E17-B608-5B98B0901507}.Release-MVC3|x86.ActiveCfg = Release|Any CPU
		{77FB9BBC-F99F-4E17-B608-5B98B0901507}.Release-MVC5|Any CPU.ActiveCfg = Release|Any CPU
		{77FB9BBC-F99F-4E17-B608-5B98B0901507}.Release-MVC5|Any CPU.Build.0 = Release|Any CPU
		{77FB9BBC-F99F-4E17-B608-5B98B0901507}.Release-MVC5|Mixed Platforms.ActiveCfg = Release|Any CPU
		{77FB9BBC-F99F-4E17-B608-5B98B0901507}.Release-MVC5|Mixed Platforms.Build.0 = Release|Any CPU
		{77FB9BBC-F99F-4E17-B608-5B98B0901507}.Release-MVC5|x86.ActiveCfg = Release|Any CPU
	EndGlobalSection
	GlobalSection(SolutionProperties) = preSolution
		HideSolutionNode = FALSE
	EndGlobalSection
	GlobalSection(NestedProjects) = preSolution
		{730A4B7E-A3C9-4D37-850A-1F54CC9A2EBD} = {5942558D-1318-4839-ABAB-BCA56932D761}
		{D0965D66-AFD5-417D-A3EE-56DC66D094EE} = {765E661E-8972-4692-99C5-5318632F6076}
		{D31C8417-6CCF-48B2-8538-A97A04A5B15C} = {765E661E-8972-4692-99C5-5318632F6076}
		{A9E33DC5-07D1-4CAD-A931-7A3B99AA0C0D} = {765E661E-8972-4692-99C5-5318632F6076}
		{1BE62A60-720D-464E-97D6-9874263DF572} = {765E661E-8972-4692-99C5-5318632F6076}
		{02E7FB5C-D52D-460E-BFB8-36FD4B9577A7} = {765E661E-8972-4692-99C5-5318632F6076}
		{DA66E05F-61DC-4F7F-98B2-F2E038598866} = {765E661E-8972-4692-99C5-5318632F6076}
		{77FB9BBC-F99F-4E17-B608-5B98B0901507} = {765E661E-8972-4692-99C5-5318632F6076}
	EndGlobalSection
EndGlobal
